PODS:
  - FrameAccessor (1.3.2)
  - MBProgressHUD (0.8)
  - MKFoundationKit (1.2.2):
    - MKFoundationKit/AutoDescribe
    - MKFoundationKit/Base64
    - MKFoundationKit/Block
    - MKFoundationKit/NSArray
    - MKFoundationKit/NSBundle
    - MKFoundationKit/NSDate
    - MKFoundationKit/NSDictionary
    - MKFoundationKit/NSNumber
    - MKFoundationKit/NSObject
    - MKFoundationKit/NSSet
    - MKFoundationKit/NSString
    - MKFoundationKit/Queue
    - MKFoundationKit/Stack
  - MKFoundationKit/AutoDescribe (1.2.2)
  - MKFoundationKit/Base64 (1.2.2)
  - MKFoundationKit/Block (1.2.2)
  - MKFoundationKit/NSArray (1.2.2)
  - MKFoundationKit/NSBundle (1.2.2)
  - MKFoundationKit/NSDate (1.2.2)
  - MKFoundationKit/NSDictionary (1.2.2)
  - MKFoundationKit/NSNumber (1.2.2)
  - MKFoundationKit/NSObject (1.2.2)
  - MKFoundationKit/NSSet (1.2.2):
    - MKFoundationKit/Block
  - MKFoundationKit/NSString (1.2.2):
    - MKFoundationKit/Base64
  - MKFoundationKit/Queue (1.2.2)
  - MKFoundationKit/Stack (1.2.2)

DEPENDENCIES:
  - FrameAccessor
  - MBProgressHUD (~> 0.8)
  - MKFoundationKit

SPEC CHECKSUMS:
  FrameAccessor: 1c383c4dc298925749fb2a6b9c05cd45be0d8857
  MBProgressHUD: 2bbc6f470111daf7f3eaa4eb12b8cbf01c4c0622
  MKFoundationKit: 7f203cb163a892826fa567842c441b1a13b4e70b

COCOAPODS: 0.32.1
